{
  "version": 2,
  "dependencies": {
    "net10.0": {
      "Microsoft.AspNetCore.OpenApi": {
        "type": "Direct",
        "requested": "[10.0.12, )",
        "resolved": "10.0.12",
        "contentHash": "7RnQ/UKn+kK3JDLmTpW+vVqNErWthGPAVAy1aIiBzv4ucQ6g9NFvOJUuT0PHcpvcJxGVxctMxj6t+NESWMrgHQ==",
        "dependencies": {
          "Microsoft.OpenApi": "[2.12.0, 3.0.0)"
        }
      },
      "Microsoft.EntityFrameworkCore": {
        "type": "Direct",
        "requested": "[10.0.12, )",
        "resolved": "10.0.12",
        "contentHash": "e7OrVN8U5yr4kuwdTHWBHGVQIVsGfMkAr0Ej1/BnrS989Q0XBVANpIzNZ2bc1GvMZ0/XwMt5InTnmKskxGy99Q==",
        "dependencies": {
          "Microsoft.EntityFrameworkCore.Abstractions": "10.0.12",
          "Microsoft.EntityFrameworkCore.Analyzers": "10.0.12"
        }
      },
      "Microsoft.EntityFrameworkCore.Relational": {
        "type": "Direct",
        "requested": "[10.0.12, )",
        "resolved": "10.0.12",
        "contentHash": "OiHmr8XzX96dbgMsYGe8qoqg4KxibdZG2r0QUVJBGktFInOp8IrABe8jvcbo5hrqeWfbwpK7fCEBiEPbY/ik4A==",
        "dependencies": {
          "Microsoft.EntityFrameworkCore": "10.0.12"
        }
      },
      "Microsoft.Extensions.ApiDescription.Server": {
        "type": "Direct",
        "requested": "[10.0.12, )",
        "resolved": "10.0.12",
        "contentHash": "Z/bU4AL/E4m0j5tduRjIuqZrVMK//wRAM+iq+UcQtjQuEMwBnMY8AQ+MvK4IQZAdKb5Zlk9PUglfsN53xOmU3A=="
      },
      "Npgsql.OpenTelemetry": {
        "type": "Direct",
        "requested": "[10.0.3, )",
        "resolved": "10.0.3",
        "contentHash": "ShsdG/FHxJ2VuWM6tebJL/mCWkcxymmvtENN59c85EsJdT4TStWwwtgZoBu/9UvC0qi1jpFZ6bOfl9ijiWD+vA==",
        "dependencies": {
          "Npgsql": "10.0.3",
          "OpenTelemetry.API": "1.15.3"
        }
      },
      "OpenIddict.AspNetCore": {
        "type": "Direct",
        "requested": "[7.7.1, )",
        "resolved": "7.7.1",
        "contentHash": "Bw6z/uRfga6piq+MZL5H/JhKy3Idm745hi3r2pvfzfVNb3fSsNnyxfQph23U4urZlfy3W4hl6WIMHRPUrzl20g==",
        "dependencies": {
          "OpenIddict": "7.7.1",
          "OpenIddict.Client.AspNetCore": "7.7.1",
          "OpenIddict.Client.DataProtection": "7.7.1",
          "OpenIddict.Server.AspNetCore": "7.7.1",
          "OpenIddict.Server.DataProtection": "7.7.1",
          "OpenIddict.Validation.AspNetCore": "7.7.1",
          "OpenIddict.Validation.DataProtection": "7.7.1"
        }
      },
      "OpenTelemetry.Exporter.OpenTelemetryProtocol": {
        "type": "Direct",
        "requested": "[1.19.1, )",
        "resolved": "1.19.1",
        "contentHash": "vsYYOBf/KxNubnuoja8pjJ9LG0zCC9HAYPay+R6N5ZKZMbhNdKWbaq6JZqJqTvK+55rudiqErJySekf9ql8okA==",
        "dependencies": {
          "OpenTelemetry": "1.19.1"
        }
      },
      "OpenTelemetry.Extensions.Hosting": {
        "type": "Direct",
        "requested": "[1.19.1, )",
        "resolved": "1.19.1",
        "contentHash": "3qqZfVmW8mKA2/fRwI83o8z+yZd33KbEqRlXrlX0+3e/U7i+z0MQiCr0L3Axxa0jGdiylIrpWX4DIT9nAbJ00A==",
        "dependencies": {
          "OpenTelemetry": "1.19.1"
        }
      },
      "OpenTelemetry.Instrumentation.AspNetCore": {
        "type": "Direct",
        "requested": "[1.19.0, )",
        "resolved": "1.19.0",
        "contentHash": "reypo7g0Nzyssg1EkbfWU6W58CVFgtgkSEGrFXtbpA+bNit7HUs7587DOkOdPCgqWr3IL4f6X9B2yhnU6POrFA==",
        "dependencies": {
          "OpenTelemetry.Api.ProviderBuilderExtensions": "[1.19.0, 2.0.0)"
        }
      },
      "OpenTelemetry.Instrumentation.Http": {
        "type": "Direct",
        "requested": "[1.19.0, )",
        "resolved": "1.19.0",
        "contentHash": "+egJpWBRfYP3ldfexV2bmJyzOWkkOPVYikw/vUEtbUvf2exJfY3RGInXrYlubhBIH6rmNEn6sI/FmqenZJwkjw==",
        "dependencies": {
          "OpenTelemetry.Api.ProviderBuilderExtensions": "[1.19.0, 2.0.0)"
        }
      },
      "DocumentFormat.OpenXml.Framework": {
        "type": "Transitive",
        "resolved": "3.5.1",
        "contentHash": "U5txtc3ORno73xQx9Lf2gWzfaSZnZwKHfLkTAslhlew9lxe5XbUiCt0dY1fHeAf8yRqszUAe5i/+xLC9R/Xfsw==",
        "dependencies": {
          "System.IO.Packaging": "10.0.2"
        }
      },
      "Microsoft.Bcl.Cryptography": {
        "type": "Transitive",
        "resolved": "10.0.2",
        "contentHash": "LG9Yll3B5aNpxv0+D47g6LiOiKBIlodhcHdQwcYzo8VeexFLGqx5ymetmA2aBRyo9cCcWsQWrFsdbsr8LvmWDw=="
      },
      "Microsoft.EntityFrameworkCore.Abstractions": {
        "type": "Transitive",
        "resolved": "10.0.12",
        "contentHash": "kDrux7T6C3V/YYYe2LXr7x6AEsVyq5Y2YoTE9er1SwbDtap3z1g8RgxNh5eKQVyB4T+DKvBBJ4Ezd/VZzJQJZg=="
      },
      "Microsoft.EntityFrameworkCore.Analyzers": {
        "type": "Transitive",
        "resolved": "10.0.12",
        "contentHash": "Kd4o2oO1A6dfKxjz5LS16QyLtpCFTUiFWwmBABETAXRsSImBdRdWeKjSgbbRhAMiV3a3/nWr95ZtzClT4uaADQ=="
      },
      "Microsoft.Extensions.AmbientMetadata.Application": {
        "type": "Transitive",
        "resolved": "10.8.0",
        "contentHash": "/FYCIyhRLrDwIg29tB/21/Rp7XMaEP/gWR5Cxyi4GgWcN/v/XXUpU52yhQux0s2SQy1Z0C1wnhptCMvLaaT45Q=="
      },
      "Microsoft.Extensions.Compliance.Abstractions": {
        "type": "Transitive",
        "resolved": "10.8.0",
        "contentHash": "7I0DXMTCqpXpXg+SLLDlfedtv6DN5Lgiv+PR3MclzqKPOHNB17YP42KMNI61ckSrffh0xsuIqQyCIjvWc6vUuw=="
      },
      "Microsoft.Extensions.DependencyInjection.AutoActivation": {
        "type": "Transitive",
        "resolved": "10.8.0",
        "contentHash": "LXwOAsnrflu2ln+Bxj7y3Zc/Pn4HquCCRzW81oOIuRsM8F75TxwA/ZpSFZ5E1+YkVpndz7BcHY4ThFSjjA4vbQ=="
      },
      "Microsoft.Extensions.Diagnostics.ExceptionSummarization": {
        "type": "Transitive",
        "resolved": "10.8.0",
        "contentHash": "tXmzwQeWgiycaLOtvSFnz0TPkJxXTyZrkwSVPTr83FgSiMj3BD/8eIbvrpGi5rzc2AgfKyegKo1ntJlJFey1Zg=="
      },
      "Microsoft.Extensions.Http.Diagnostics": {
        "type": "Transitive",
        "resolved": "10.8.0",
        "contentHash": "2pYnolFkigH7N6A5WHdGx93iZ8dIhrBnu4ZkjvB6RwbHzYmIy/iXVe12pdrViNDdeBSmKZ5FA9YP/xhwLT7q7A==",
        "dependencies": {
          "Microsoft.Extensions.Telemetry": "10.8.0"
        }
      },
      "Microsoft.Extensions.Http.Polly": {
        "type": "Transitive",
        "resolved": "10.0.11",
        "contentHash": "DIxaTXWdbjRJihAIutpDIgPbpD9PwW8lW0EIawlNH4zs7coCgwPnd9rYlzXYkuKKphnjcKYlo6gXFeg6z15GLg==",
        "dependencies": {
          "Polly": "7.2.4",
          "Polly.Extensions.Http": "3.0.0"
        }
      },
      "Microsoft.Extensions.Http.Resilience": {
        "type": "Transitive",
        "resolved": "10.8.0",
        "contentHash": "XtbZyYVxSNn1Aj2Z0PA8yauS12hPszTWDZ3GtZ5Vww7Ai3d8Pm841jMBnTvoTf1t9mRf3eSB38V5KUWxH6/4oQ==",
        "dependencies": {
          "Microsoft.Extensions.Http.Diagnostics": "10.8.0",
          "Microsoft.Extensions.Resilience": "10.8.0"
        }
      },
      "Microsoft.Extensions.Resilience": {
        "type": "Transitive",
        "resolved": "10.8.0",
        "contentHash": "RH/gv0ZcCnQ3d30lxb8+T2o661TwZq/K5eMwp488goQLX1QYqWN3i8L8XlN9DhrqP2Zcf0EtsWaKpJO3yHDUTw==",
        "dependencies": {
          "Microsoft.Extensions.Diagnostics.ExceptionSummarization": "10.8.0",
          "Microsoft.Extensions.Telemetry.Abstractions": "10.8.0",
          "Polly.Extensions": "8.4.2",
          "Polly.RateLimiting": "8.4.2"
        }
      },
      "Microsoft.Extensions.Telemetry": {
        "type": "Transitive",
        "resolved": "10.8.0",
        "contentHash": "IIWjDZguUJt6yNld9J4V88xuOUzpC76wBwfnRJLRmacmyTTl9jA8+KP5PuHPi7CKz/Vk/q+lQYmobiopuzapzA==",
        "dependencies": {
          "Microsoft.Extensions.AmbientMetadata.Application": "10.8.0",
          "Microsoft.Extensions.DependencyInjection.AutoActivation": "10.8.0",
          "Microsoft.Extensions.Telemetry.Abstractions": "10.8.0"
        }
      },
      "Microsoft.Extensions.Telemetry.Abstractions": {
        "type": "Transitive",
        "resolved": "10.8.0",
        "contentHash": "XHlOerNKjVrPJqbuFi196tyFhS7eNMoPUC800xJmCGsSiruE/goGoKyBKzS1HeelAGnoFPFrS+LgNitXNeEYRQ==",
        "dependencies": {
          "Microsoft.Extensions.Compliance.Abstractions": "10.8.0"
        }
      },
      "Microsoft.IdentityModel.Abstractions": {
        "type": "Transitive",
        "resolved": "8.19.2",
        "contentHash": "HJbo/lnSfNHUfphPRT910poQc4T2/9+8svFLvzuaYHGAOJ2Tu+oEDqpX0BVP3BJ4OuUM1kylEKyaiX2fCAK3Cw=="
      },
      "Microsoft.IdentityModel.JsonWebTokens": {
        "type": "Transitive",
        "resolved": "8.19.2",
        "contentHash": "ui3fuBT4fs8kdKfBthI4NzLYIBIneEVS8UrL1JVBzAn80UiKmngBBi0BEByE7n/9c+EElcfFlCMFFTqpkBSLNA==",
        "dependencies": {
          "Microsoft.IdentityModel.Tokens": "8.19.2"
        }
      },
      "Microsoft.IdentityModel.Logging": {
        "type": "Transitive",
        "resolved": "8.19.2",
        "contentHash": "r5YLDIxGOnkVJHrqXv/iD1FM1CgGrQOdriXuvuWvTPmKbnGANhEysq9XKmN6IHjf2a+9bAGEpnoRBsAQlvJU5w==",
        "dependencies": {
          "Microsoft.IdentityModel.Abstractions": "8.19.2"
        }
      },
      "Microsoft.IdentityModel.Protocols": {
        "type": "Transitive",
        "resolved": "8.19.2",
        "contentHash": "sGxSsSrZXNmca6D+jHH2rVRyo2nNRd/g4H9CFbPmLLq0xgoH1U0orLWE5minfijw7+zq49tBs7txenbfAErRoQ==",
        "dependencies": {
          "Microsoft.IdentityModel.Tokens": "8.19.2"
        }
      },
      "Microsoft.IdentityModel.Tokens": {
        "type": "Transitive",
        "resolved": "8.19.2",
        "contentHash": "GtPC1S02uH1gOO4fQ+zRysIicKmEXaYFP8PIkdJYXqMyruYhopre4ozVHp0XiDSA0+GJvOZH9prxCPvgBMg4Ww==",
        "dependencies": {
          "Microsoft.Bcl.Cryptography": "10.0.2",
          "Microsoft.IdentityModel.Logging": "8.19.2"
        }
      },
      "Microsoft.OpenApi": {
        "type": "Transitive",
        "resolved": "2.12.0",
        "contentHash": "0xB/be+f6qYOhvQPUrVsLrau+fkowYv6gt9RIkajMhwT7sZnqtcA797yW3bS5kgSje+AQW4xZgyLnW641YFioQ=="
      },
      "Npgsql": {
        "type": "Transitive",
        "resolved": "10.0.3",
        "contentHash": "7nb5YzXuvWWJxB0J8DiyL3we+X4FOctZrt0fIBnucOIaIevFEEwGQVZKtiu9olXdlNAK1eNgqSral6r/jlhI4w=="
      },
      "OpenIddict": {
        "type": "Transitive",
        "resolved": "7.7.1",
        "contentHash": "eus2FHo7VL6t19dEZ7RI+2T6xRJ8t4KSAaNsAo2xTcf4C7u5203vRiuwaZuLegAqKBwrGoBuX9XMWOEWb/UeJw==",
        "dependencies": {
          "OpenIddict.Abstractions": "7.7.1",
          "OpenIddict.Client": "7.7.1",
          "OpenIddict.Client.SystemIntegration": "7.7.1",
          "OpenIddict.Client.SystemNetHttp": "7.7.1",
          "OpenIddict.Client.WebIntegration": "7.7.1",
          "OpenIddict.Core": "7.7.1",
          "OpenIddict.Server": "7.7.1",
          "OpenIddict.Validation": "7.7.1",
          "OpenIddict.Validation.ServerIntegration": "7.7.1",
          "OpenIddict.Validation.SystemNetHttp": "7.7.1"
        }
      },
      "OpenIddict.Abstractions": {
        "type": "Transitive",
        "resolved": "7.7.1",
        "contentHash": "dgb+2dGHzwjVUs7Jc8Dt3PQurVCEllX8XW8+WPmdB1eV5IKRoAZyiJyp3mgFOR1sk/jvilPqnMzQYGkVNVf66Q==",
        "dependencies": {
          "Microsoft.IdentityModel.Tokens": "8.19.2"
        }
      },
      "OpenIddict.Client": {
        "type": "Transitive",
        "resolved": "7.7.1",
        "contentHash": "4qw0HLqa4Wmv73XJ/Pq53DEhw5omb4+mbhttOmbCKCO9t8jHC4ywPylH21UAd70q48bPTzoWjDAojXExZb/3Pg==",
        "dependencies": {
          "Microsoft.IdentityModel.JsonWebTokens": "8.19.2",
          "Microsoft.IdentityModel.Protocols": "8.19.2",
          "OpenIddict.Abstractions": "7.7.1"
        }
      },
      "OpenIddict.Client.AspNetCore": {
        "type": "Transitive",
        "resolved": "7.7.1",
        "contentHash": "o9T101qnccr+bp9eyj0V8LEiQxhjPV3reJRJLq4ZN5ZEdB/PkZq3Qblp/wTFrVUwFp6TI4/7QsLAn/Ag7PqYAQ==",
        "dependencies": {
          "OpenIddict.Client": "7.7.1"
        }
      },
      "OpenIddict.Client.DataProtection": {
        "type": "Transitive",
        "resolved": "7.7.1",
        "contentHash": "sTM8TuC0WBsTcrQ+Ae/gl7Y3+sx08h9UM0ZmipY+oOeyb6xvenWGasetglyqw0qBRcTnFGBG9yRRNz8zghG0HQ==",
        "dependencies": {
          "OpenIddict.Client": "7.7.1"
        }
      },
      "OpenIddict.Client.SystemIntegration": {
        "type": "Transitive",
        "resolved": "7.7.1",
        "contentHash": "uYYdH59BGf5LY7UQ1RKeJJTEjRp1+pgHvv2AD4WwplFnW964CICO7SSQzyYwvBGX/flP9iLf2IDViVgfPKrYvQ==",
        "dependencies": {
          "OpenIddict.Client": "7.7.1"
        }
      },
      "OpenIddict.Client.SystemNetHttp": {
        "type": "Transitive",
        "resolved": "7.7.1",
        "contentHash": "qZoBT1K5DWgeXA1triYYBhqvomiFB9lHomtfXyvhYjkS0Ohf5ma731lR25hE0oNlTidegealuNVnLPhBrg6UvA==",
        "dependencies": {
          "Microsoft.Extensions.Http.Polly": "10.0.11",
          "Microsoft.Extensions.Http.Resilience": "10.8.0",
          "OpenIddict.Client": "7.7.1"
        }
      },
      "OpenIddict.Client.WebIntegration": {
        "type": "Transitive",
        "resolved": "7.7.1",
        "contentHash": "NI+wE+ihd77lxKV2PWhAwsz1vusfjw1oamYKBAJm87vgKMWsNBDMxNREioL/IWlSl5whyR4c3kxAaeyXZV6Hyg==",
        "dependencies": {
          "OpenIddict.Client": "7.7.1",
          "OpenIddict.Client.SystemNetHttp": "7.7.1"
        }
      },
      "OpenIddict.Core": {
        "type": "Transitive",
        "resolved": "7.7.1",
        "contentHash": "TLk8u4zZ9IvTpTYV+a6nX1eBpnPR5E3seMPGcArXhfBK0VTImWWzPbcdx+GxiPxyq7+8iOg05uIJt7FsRwDpZg==",
        "dependencies": {
          "OpenIddict.Abstractions": "7.7.1"
        }
      },
      "OpenIddict.EntityFrameworkCore.Models": {
        "type": "Transitive",
        "resolved": "7.7.1",
        "contentHash": "DjJ5/7TBV7q7zB43v7em73nQBIacid5hxtlZzLnuWBg7kzvlBlUvvmgEhW/asoMBT3sR2nEyufB0wKOnn1niXQ=="
      },
      "OpenIddict.Server": {
        "type": "Transitive",
        "resolved": "7.7.1",
        "contentHash": "Se5+zNefCR9VpRPudmXOVJ6z79rSdEx+PvlPn1fGvKhLW6cqT5w8q8lPdRKe+zdiyAEXpSg+K5m6lTSpVqYOWA==",
        "dependencies": {
          "Microsoft.IdentityModel.JsonWebTokens": "8.19.2",
          "OpenIddict.Abstractions": "7.7.1"
        }
      },
      "OpenIddict.Server.AspNetCore": {
        "type": "Transitive",
        "resolved": "7.7.1",
        "contentHash": "YQW64MJBVXsJ+H5kb+HFAQaSXsavOCEG+kDgD+DaYK7apLFtbOrgN233RhHOuztChWcY8SfjpjeN0ZXPwTFsbA==",
        "dependencies": {
          "OpenIddict.Server": "7.7.1"
        }
      },
      "OpenIddict.Server.DataProtection": {
        "type": "Transitive",
        "resolved": "7.7.1",
        "contentHash": "oCNMCwvBsRZMOD7AZh+WlLuQHG+VwJZhZNb6vN8GJslaOZX6i1FPuhiH5uUremd3ZVMeaF9r0JJY3JxZOTAGgw==",
        "dependencies": {
          "OpenIddict.Server": "7.7.1"
        }
      },
      "OpenIddict.Validation": {
        "type": "Transitive",
        "resolved": "7.7.1",
        "contentHash": "09FOsvek+iSKrNbEehH2c1uBWSFurZk1U8vyTKk5aiaCV2bbj+j/68KRA/iHOgSe8qV3+0ZrquhmjFMpcojVSw==",
        "dependencies": {
          "Microsoft.IdentityModel.JsonWebTokens": "8.19.2",
          "Microsoft.IdentityModel.Protocols": "8.19.2",
          "OpenIddict.Abstractions": "7.7.1"
        }
      },
      "OpenIddict.Validation.AspNetCore": {
        "type": "Transitive",
        "resolved": "7.7.1",
        "contentHash": "9Gpw13k6KRif6LCeIfzS5cfDPxzEvg5I4l8JKwMxNL4mqal8eT00T069RnuXuDY8CwOO43FLD55JY7Wh3an5cg==",
        "dependencies": {
          "OpenIddict.Validation": "7.7.1"
        }
      },
      "OpenIddict.Validation.DataProtection": {
        "type": "Transitive",
        "resolved": "7.7.1",
        "contentHash": "nYlv+/jJ4j6jFto1JVZ6wCEr4MC/tIivrJdHa2nKX2gTT7kXBH+f//xgOEZTxdrzwd3QUTV0oc9R+0B8Vtgucw==",
        "dependencies": {
          "OpenIddict.Validation": "7.7.1"
        }
      },
      "OpenIddict.Validation.ServerIntegration": {
        "type": "Transitive",
        "resolved": "7.7.1",
        "contentHash": "tZd5oqlVHftWjo3gthwXRvDE09NGmOjo5yjyRH8W2q4Yw9Hntkfi70+T2ESFKJ++oqueQT4YG5ilyot/o0OBMA==",
        "dependencies": {
          "OpenIddict.Server": "7.7.1",
          "OpenIddict.Validation": "7.7.1"
        }
      },
      "OpenIddict.Validation.SystemNetHttp": {
        "type": "Transitive",
        "resolved": "7.7.1",
        "contentHash": "Otf81TFec0Y4umO11Ze7UzoK6bFyOhiPzPg91v5gBu2hJ8MTDMKv/O3jz7K1Y+Zudmpdktoc+QqyV1ujkyPz4g==",
        "dependencies": {
          "Microsoft.Extensions.Http.Polly": "10.0.11",
          "Microsoft.Extensions.Http.Resilience": "10.8.0",
          "OpenIddict.Validation": "7.7.1"
        }
      },
      "OpenTelemetry": {
        "type": "Transitive",
        "resolved": "1.19.1",
        "contentHash": "6ywhc3upf+dq8EsOohj7I7zS3l4yX9vfbtFkvyEC8xIUY4Z9iDIOVuke356eCAzIZaWtmwmmyl2UXYCp5n7I3Q==",
        "dependencies": {
          "OpenTelemetry.Api.ProviderBuilderExtensions": "1.19.1"
        }
      },
      "OpenTelemetry.Api": {
        "type": "Transitive",
        "resolved": "1.19.1",
        "contentHash": "9JKIH+xrV0HNTFjQC8zrx9gZpDOMEljN5Htg/U0VE2IvO3N+7bKALCCsGy5tp09marX5dd8UkrgQFoLaulIBRw=="
      },
      "OpenTelemetry.Api.ProviderBuilderExtensions": {
        "type": "Transitive",
        "resolved": "1.19.1",
        "contentHash": "HtGe72B/IhzKqdU0a3fNE5osax/Cegwxd+p4u6lOFy20nsgmeaFuP2NRyFs1WvrOv/bpkII3IvvBkKoZXG8BLg==",
        "dependencies": {
          "OpenTelemetry.Api": "1.19.1"
        }
      },
      "Polly": {
        "type": "Transitive",
        "resolved": "7.2.4",
        "contentHash": "bw00Ck5sh6ekduDE3mnCo1ohzuad946uslCDEENu3091+6UKnBuKLo4e+yaNcCzXxOZCXWY2gV4a35+K1d4LDA=="
      },
      "Polly.Core": {
        "type": "Transitive",
        "resolved": "8.4.2",
        "contentHash": "BpE2I6HBYYA5tF0Vn4eoQOGYTYIK1BlF5EXVgkWGn3mqUUjbXAr13J6fZVbp7Q3epRR8yshacBMlsHMhpOiV3g=="
      },
      "Polly.Extensions": {
        "type": "Transitive",
        "resolved": "8.4.2",
        "contentHash": "GZ9vRVmR0jV2JtZavt+pGUsQ1O1cuRKG7R7VOZI6ZDy9y6RNPvRvXK1tuS4ffUrv8L0FTea59oEuQzgS0R7zSA==",
        "dependencies": {
          "Polly.Core": "8.4.2"
        }
      },
      "Polly.Extensions.Http": {
        "type": "Transitive",
        "resolved": "3.0.0",
        "contentHash": "drrG+hB3pYFY7w1c3BD+lSGYvH2oIclH8GRSehgfyP5kjnFnHKQuuBhuHLv+PWyFuaTDyk/vfRpnxOzd11+J8g==",
        "dependencies": {
          "Polly": "7.1.0"
        }
      },
      "Polly.RateLimiting": {
        "type": "Transitive",
        "resolved": "8.4.2",
        "contentHash": "ehTImQ/eUyO07VYW2WvwSmU9rRH200SKJ/3jku9rOkyWE0A2JxNFmAVms8dSn49QLSjmjFRRSgfNyOgr/2PSmA==",
        "dependencies": {
          "Polly.Core": "8.4.2"
        }
      },
      "System.ClientModel": {
        "type": "Transitive",
        "resolved": "1.15.0",
        "contentHash": "y6zQLInrpX+oGL1gXM04DrUSu1O1esWxt4rD/zrujTnzIFChn/noD1OiVVpTrU8ZvglwqO2Uw038svUR3SiAOg==",
        "dependencies": {
          "System.Memory.Data": "10.0.9"
        }
      },
      "System.IO.Packaging": {
        "type": "Transitive",
        "resolved": "10.0.2",
        "contentHash": "JTpM4z0wpoIHHDvlCU27HsXo+zVnpWib94HXQpzzr+jc/P9NYf4w353AK4MXyGq/grm1mbLi7eXsOsDU8sGmNg=="
      },
      "System.Memory.Data": {
        "type": "Transitive",
        "resolved": "10.0.9",
        "contentHash": "YweovHiLUoEdbr2Xv8eRqCSkTu1vMms4a6xBHaQiMSFVy32PL+hXv6Vhol2NWOmLHjaVgTyhJ3R52U6JxS6w3Q=="
      },
      "smartagri.application": {
        "type": "Project",
        "dependencies": {
          "Microsoft.Extensions.AI.Abstractions": "[10.10.1, )",
          "SmartAgri.Domain": "[1.0.0, )"
        }
      },
      "smartagri.domain": {
        "type": "Project"
      },
      "smartagri.infrastructure": {
        "type": "Project",
        "dependencies": {
          "DocumentFormat.OpenXml": "[3.5.1, )",
          "Microsoft.AspNetCore.Identity.EntityFrameworkCore": "[10.0.12, )",
          "Microsoft.Extensions.AI.Abstractions": "[10.10.1, )",
          "Microsoft.Extensions.AI.OpenAI": "[10.10.1, )",
          "Microsoft.Extensions.VectorData.Abstractions": "[10.10.0, )",
          "Npgsql.EntityFrameworkCore.PostgreSQL": "[10.0.3, )",
          "OpenAI": "[2.14.0, )",
          "OpenIddict.EntityFrameworkCore": "[7.7.1, )",
          "PdfPig": "[0.1.16, )",
          "Pgvector": "[0.3.2, )",
          "Pgvector.EntityFrameworkCore": "[0.3.0, )",
          "SmartAgri.Application": "[1.0.0, )",
          "SmartAgri.Domain": "[1.0.0, )"
        }
      },
      "DocumentFormat.OpenXml": {
        "type": "CentralTransitive",
        "requested": "[3.5.1, )",
        "resolved": "3.5.1",
        "contentHash": "zxdOf5VVCe/uNklbRhj8dVBzQGj3DoqkUuqOp9cAZVuN8mNYDjof1lvSQA2OQNr8Ptc9d7pbA7Azq/ReaI3FpA==",
        "dependencies": {
          "DocumentFormat.OpenXml.Framework": "3.5.1"
        }
      },
      "Microsoft.AspNetCore.Identity.EntityFrameworkCore": {
        "type": "CentralTransitive",
        "requested": "[10.0.12, )",
        "resolved": "10.0.12",
        "contentHash": "7W/9vKC65y41W6JXwC6WSU++D43wY/ANhrm7tJdbm2lrbzNkYClja6uL3Cg69y+PJ1Q4nARb3eWs9PNMWCdYxQ==",
        "dependencies": {
          "Microsoft.EntityFrameworkCore.Relational": "10.0.12"
        }
      },
      "Microsoft.Extensions.AI.Abstractions": {
        "type": "CentralTransitive",
        "requested": "[10.10.1, )",
        "resolved": "10.10.1",
        "contentHash": "Kz6ezQfRb9x2TkIWyaXkVAfpvyoAlEDfC59klPrdr2XD5WM4HNw+PREAZ+Fo43GPldtX+E0i1aYzMFQ/zXYMLg=="
      },
      "Microsoft.Extensions.AI.OpenAI": {
        "type": "CentralTransitive",
        "requested": "[10.10.1, )",
        "resolved": "10.10.1",
        "contentHash": "0cYykDvDaTyLHA73DzjVzsNO/GNOutuliPrhQ5kzKSK4BuUnpFyHnPU63XqD4jsz+FCNZefi19TGc+zkaabIBA==",
        "dependencies": {
          "Microsoft.Extensions.AI.Abstractions": "10.10.1",
          "OpenAI": "2.14.0"
        }
      },
      "Microsoft.Extensions.VectorData.Abstractions": {
        "type": "CentralTransitive",
        "requested": "[10.10.0, )",
        "resolved": "10.10.0",
        "contentHash": "bZdR7QbdLLqmc9xPJIiD5U6H678xyv8eMATjQ0SmH7OZyi+/12G/nFAGCE6DNG22q76YNwkXo+V7GMyUckjjgw==",
        "dependencies": {
          "Microsoft.Extensions.AI.Abstractions": "10.10.0"
        }
      },
      "Npgsql.EntityFrameworkCore.PostgreSQL": {
        "type": "CentralTransitive",
        "requested": "[10.0.3, )",
        "resolved": "10.0.3",
        "contentHash": "IPGrrZnRkuW7OlHDhUESZz4G5DLkW7Nej/O3Cx+0iTsgyU5XJxBgpsvTHLloo3WWuAKKbDHXBvWPVkX1deRh1Q==",
        "dependencies": {
          "Microsoft.EntityFrameworkCore": "[10.0.4, 11.0.0)",
          "Microsoft.EntityFrameworkCore.Relational": "[10.0.4, 11.0.0)",
          "Npgsql": "10.0.3"
        }
      },
      "OpenAI": {
        "type": "CentralTransitive",
        "requested": "[2.14.0, )",
        "resolved": "2.14.0",
        "contentHash": "AeyC3GxbrJ7KRoWDyFeNSUOQQWD9AnNvM7LYQijCcXcqjyr53aGRcf5GBLExcSBzIs0RWYHe+NbzPrHTeuU5zA==",
        "dependencies": {
          "System.ClientModel": "1.15.0"
        }
      },
      "OpenIddict.EntityFrameworkCore": {
        "type": "CentralTransitive",
        "requested": "[7.7.1, )",
        "resolved": "7.7.1",
        "contentHash": "U+Lq0DuEm9bolWOVur0Qy3LgwzCSjRQKs2Q8tUfFfpuAJsnhgK7j401eDm5PdHV1wnoaBYhXEMkkW+UKeADyaw==",
        "dependencies": {
          "Microsoft.EntityFrameworkCore.Relational": "10.0.11",
          "OpenIddict.Core": "7.7.1",
          "OpenIddict.EntityFrameworkCore.Models": "7.7.1"
        }
      },
      "PdfPig": {
        "type": "CentralTransitive",
        "requested": "[0.1.16, )",
        "resolved": "0.1.16",
        "contentHash": "qQcbsNMYVY+K5ELptax2S8thNMk0+rSQq3H/KdYj3LLcko8yTCz8y5KIvsKxIyAuTN0ZYNnfsZkM+0EvxTwHVA=="
      },
      "Pgvector": {
        "type": "CentralTransitive",
        "requested": "[0.3.2, )",
        "resolved": "0.3.2",
        "contentHash": "n7M5LuNejHUmtWky3zCbNO+tP1Gnjiuv9Qtu4LyvB1602dD8RiBxxCQp9jEjM0ZFDxAZF1oOWkNIkXw46KT00Q==",
        "dependencies": {
          "Npgsql": "8.0.5"
        }
      },
      "Pgvector.EntityFrameworkCore": {
        "type": "CentralTransitive",
        "requested": "[0.3.0, )",
        "resolved": "0.3.0",
        "contentHash": "HVMcglKLOg979w67k8DOvKO+xJvfBHv/GcAgv/fI8alK8zp9oIYJUYP9BSV6n6+3GwkfynAJ77euwow4/c7HoA==",
        "dependencies": {
          "Npgsql.EntityFrameworkCore.PostgreSQL": "9.0.1",
          "Pgvector": "0.3.2"
        }
      }
    }
  }
}